
Microsoft Visual Studio Solution File, Format Version 12.00
# Visual Studio Version 17
VisualStudioVersion = 17.4.33205.214
MinimumVisualStudioVersion = 10.0.40219.1
Project("{FAE04EC0-301F-11D3-BF4B-00C04F79EFBC}") = "AgendaWebAzure", "AgendaWebAzure\AgendaWebAzure.csproj", "{0910F2B3-BFE6-4F79-BA44-712B73089326}"
EndProject
Global
	GlobalSection(SolutionConfigurationPlatforms) = preSolution
		Debug|Any CPU = Debug|Any CPU
		Release|Any CPU = Release|Any CPU
	EndGlobalSection
	GlobalSection(ProjectConfigurationPlatforms) = postSolution
		{0910F2B3-BFE6-4F79-BA44-712B73089326}.Debug|Any CPU.ActiveCfg = Debug|Any CPU
		{0910F2B3-BFE6-4F79-BA44-712B73089326}.Debug|Any CPU.Build.0 = Debug|Any CPU
		{0910F2B3-BFE6-4F79-BA44-712B73089326}.Release|Any CPU.ActiveCfg = Release|Any CPU
		{0910F2B3-BFE6-4F79-BA44-712B73089326}.Release|Any CPU.Build.0 = Release|Any CPU
	EndGlobalSection
	GlobalSection(SolutionProperties) = preSolution
		HideSolutionNode = FALSE
	EndGlobalSection
	GlobalSection(ExtensibilityGlobals) = postSolution
		SolutionGuid = {AFF712AD-0EAB-4CB2-954C-8F1EE6CF4133}
	EndGlobalSection
EndGlobal
